
Microsoft Visual Studio Solution File, Format Version 12.00
# Visual Studio Version 17
VisualStudioVersion = 17.11.35431.28
MinimumVisualStudioVersion = 10.0.40219.1
Project("{2150E333-8FDC-42A3-9474-1A3956D46DE8}") = "Bootstrapper", "Bootstrapper", "{A560CE63-6CA6-4F8E-A683-F4A415E80EF1}"
EndProject
Project("{2150E333-8FDC-42A3-9474-1A3956D46DE8}") = "Modules", "Modules", "{C8B33453-4BCA-4BA3-AF86-BBD5708CA35F}"
EndProject
Project("{2150E333-8FDC-42A3-9474-1A3956D46DE8}") = "Shared", "Shared", "{C94115F6-7734-472E-9928-6591B204617D}"
EndProject
Project("{9A19103F-16F7-4668-BE54-9A1E7A4F7556}") = "Api", "Bootstrapper\Api\Api.csproj", "{77D7F7E3-913F-4662-A323-9F7624AF4CCE}"
EndProject
Project("{2150E333-8FDC-42A3-9474-1A3956D46DE8}") = "Basket", "Basket", "{7C3783F8-2786-4666-9DF9-E494444527BD}"
EndProject
Project("{2150E333-8FDC-42A3-9474-1A3956D46DE8}") = "Catalog", "Catalog", "{97391A21-DF64-4ED8-A067-61A3F7CC3E3B}"
EndProject
Project("{2150E333-8FDC-42A3-9474-1A3956D46DE8}") = "Ordering", "Ordering", "{3D087F00-DB29-4030-87EB-515C94555605}"
EndProject
Project("{9A19103F-16F7-4668-BE54-9A1E7A4F7556}") = "Catalog", "Modules\Catalog\Catalog\Catalog.csproj", "{CF1FA632-A1D4-454B-8310-8CC6B9A6C282}"
EndProject
Project("{9A19103F-16F7-4668-BE54-9A1E7A4F7556}") = "Basket", "Modules\Basket\Basket\Basket.csproj", "{B4CC49F5-F4CF-4B34-BDBF-C247DE5A2849}"
EndProject
Project("{9A19103F-16F7-4668-BE54-9A1E7A4F7556}") = "Ordering", "Modules\Ordering\Ordering\Ordering.csproj", "{9B584FA6-5C68-48AA-925F-58DCC55C85E5}"
EndProject
Project("{9A19103F-16F7-4668-BE54-9A1E7A4F7556}") = "Shared", "Shared\Shared\Shared.csproj", "{70F04E70-195A-4FA3-9B35-3630FD518E22}"
EndProject
Project("{E53339B2-1760-4266-BCC7-CA923CBCF16C}") = "docker-compose", "docker-compose.dcproj", "{5BCE3D11-F975-49DD-B925-77402639AD30}"
EndProject
Global
	GlobalSection(SolutionConfigurationPlatforms) = preSolution
		Debug|Any CPU = Debug|Any CPU
		Release|Any CPU = Release|Any CPU
	EndGlobalSection
	GlobalSection(ProjectConfigurationPlatforms) = postSolution
		{77D7F7E3-913F-4662-A323-9F7624AF4CCE}.Debug|Any CPU.ActiveCfg = Debug|Any CPU
		{77D7F7E3-913F-4662-A323-9F7624AF4CCE}.Debug|Any CPU.Build.0 = Debug|Any CPU
		{77D7F7E3-913F-4662-A323-9F7624AF4CCE}.Release|Any CPU.ActiveCfg = Release|Any CPU
		{77D7F7E3-913F-4662-A323-9F7624AF4CCE}.Release|Any CPU.Build.0 = Release|Any CPU
		{CF1FA632-A1D4-454B-8310-8CC6B9A6C282}.Debug|Any CPU.ActiveCfg = Debug|Any CPU
		{CF1FA632-A1D4-454B-8310-8CC6B9A6C282}.Debug|Any CPU.Build.0 = Debug|Any CPU
		{CF1FA632-A1D4-454B-8310-8CC6B9A6C282}.Release|Any CPU.ActiveCfg = Release|Any CPU
		{CF1FA632-A1D4-454B-8310-8CC6B9A6C282}.Release|Any CPU.Build.0 = Release|Any CPU
		{B4CC49F5-F4CF-4B34-BDBF-C247DE5A2849}.Debug|Any CPU.ActiveCfg = Debug|Any CPU
		{B4CC49F5-F4CF-4B34-BDBF-C247DE5A2849}.Debug|Any CPU.Build.0 = Debug|Any CPU
		{B4CC49F5-F4CF-4B34-BDBF-C247DE5A2849}.Release|Any CPU.ActiveCfg = Release|Any CPU
		{B4CC49F5-F4CF-4B34-BDBF-C247DE5A2849}.Release|Any CPU.Build.0 = Release|Any CPU
		{9B584FA6-5C68-48AA-925F-58DCC55C85E5}.Debug|Any CPU.ActiveCfg = Debug|Any CPU
		{9B584FA6-5C68-48AA-925F-58DCC55C85E5}.Debug|Any CPU.Build.0 = Debug|Any CPU
		{9B584FA6-5C68-48AA-925F-58DCC55C85E5}.Release|Any CPU.ActiveCfg = Release|Any CPU
		{9B584FA6-5C68-48AA-925F-58DCC55C85E5}.Release|Any CPU.Build.0 = Release|Any CPU
		{70F04E70-195A-4FA3-9B35-3630FD518E22}.Debug|Any CPU.ActiveCfg = Debug|Any CPU
		{70F04E70-195A-4FA3-9B35-3630FD518E22}.Debug|Any CPU.Build.0 = Debug|Any CPU
		{70F04E70-195A-4FA3-9B35-3630FD518E22}.Release|Any CPU.ActiveCfg = Release|Any CPU
		{70F04E70-195A-4FA3-9B35-3630FD518E22}.Release|Any CPU.Build.0 = Release|Any CPU
		{5BCE3D11-F975-49DD-B925-77402639AD30}.Debug|Any CPU.ActiveCfg = Debug|Any CPU
		{5BCE3D11-F975-49DD-B925-77402639AD30}.Debug|Any CPU.Build.0 = Debug|Any CPU
		{5BCE3D11-F975-49DD-B925-77402639AD30}.Release|Any CPU.ActiveCfg = Release|Any CPU
		{5BCE3D11-F975-49DD-B925-77402639AD30}.Release|Any CPU.Build.0 = Release|Any CPU
	EndGlobalSection
	GlobalSection(SolutionProperties) = preSolution
		HideSolutionNode = FALSE
	EndGlobalSection
	GlobalSection(NestedProjects) = preSolution
		{77D7F7E3-913F-4662-A323-9F7624AF4CCE} = {A560CE63-6CA6-4F8E-A683-F4A415E80EF1}
		{7C3783F8-2786-4666-9DF9-E494444527BD} = {C8B33453-4BCA-4BA3-AF86-BBD5708CA35F}
		{97391A21-DF64-4ED8-A067-61A3F7CC3E3B} = {C8B33453-4BCA-4BA3-AF86-BBD5708CA35F}
		{3D087F00-DB29-4030-87EB-515C94555605} = {C8B33453-4BCA-4BA3-AF86-BBD5708CA35F}
		{CF1FA632-A1D4-454B-8310-8CC6B9A6C282} = {97391A21-DF64-4ED8-A067-61A3F7CC3E3B}
		{B4CC49F5-F4CF-4B34-BDBF-C247DE5A2849} = {7C3783F8-2786-4666-9DF9-E494444527BD}
		{9B584FA6-5C68-48AA-925F-58DCC55C85E5} = {3D087F00-DB29-4030-87EB-515C94555605}
		{70F04E70-195A-4FA3-9B35-3630FD518E22} = {C94115F6-7734-472E-9928-6591B204617D}
	EndGlobalSection
	GlobalSection(ExtensibilityGlobals) = postSolution
		SolutionGuid = {485A8338-CBB0-448A-9820-00B540C4561E}
	EndGlobalSection
EndGlobal
